// !$*UTF8*$!
{
	archiveVersion = 1;
	classes = {
	};
	objectVersion = 77;
	objects = {

/* Begin PBXBuildFile section */
		5CB100000000000000000B02 /* MLXLLM in Frameworks */ = {isa = PBXBuildFile; productRef = 5CB100000000000000000A02 /* MLXLLM */; };
		5CB100000000000000000B03 /* MLXLMCommon in Frameworks */ = {isa = PBXBuildFile; productRef = 5CB100000000000000000A03 /* MLXLMCommon */; };
		5CB100000000000000000B04 /* MLXEmbedders in Frameworks */ = {isa = PBXBuildFile; productRef = 5CB100000000000000000A04 /* MLXEmbedders */; };
		5CF100000000000000000B02 /* FluidAudio in Frameworks */ = {isa = PBXBuildFile; productRef = 5CF100000000000000000A02 /* FluidAudio */; };
		5CF200000000000000000B02 /* Hub in Frameworks */ = {isa = PBXBuildFile; productRef = 5CF200000000000000000A02 /* Hub */; };
		5CF200000000000000000B03 /* Tokenizers in Frameworks */ = {isa = PBXBuildFile; productRef = 5CF200000000000000000A03 /* Tokenizers */; };
/* End PBXBuildFile section */

/* Begin PBXContainerItemProxy section */
		5C1957642FF7494300B1AB7D /* PBXContainerItemProxy */ = {
			isa = PBXContainerItemProxy;
			containerPortal = 5CDE08D52FEA41D600DFAFA7 /* Project object */;
			proxyType = 1;
			remoteGlobalIDString = 5CDE08DC2FEA41D600DFAFA7;
			remoteInfo = Echo;
		};
/* End PBXContainerItemProxy section */

/* Begin PBXFileReference section */
		5CDE08DD2FEA41D600DFAFA7 /* Echo.app */ = {isa = PBXFileReference; explicitFileType = wrapper.application; includeInIndex = 0; path = Echo.app; sourceTree = BUILT_PRODUCTS_DIR; };
		5CE570022FF5000000000002 /* EchoTests.xctest */ = {isa = PBXFileReference; explicitFileType = wrapper.cfbundle; includeInIndex = 0; path = EchoTests.xctest; sourceTree = BUILT_PRODUCTS_DIR; };
/* End PBXFileReference section */

/* Begin PBXFileSystemSynchronizedRootGroup section */
		5CDE08DF2FEA41D600DFAFA7 /* Echo */ = {
			isa = PBXFileSystemSynchronizedRootGroup;
			path = Echo;
			sourceTree = "<group>";
		};
		5CE570032FF5000000000003 /* EchoTests */ = {
			isa = PBXFileSystemSynchronizedRootGroup;
			path = EchoTests;
			sourceTree = "<group>";
		};
/* End PBXFileSystemSynchronizedRootGroup section */

/* Begin PBXFrameworksBuildPhase section */
		5CDE08DA2FEA41D600DFAFA7 /* Frameworks */ = {
			isa = PBXFrameworksBuildPhase;
			buildActionMask = 2147483647;
			files = (
				5CF100000000000000000B02 /* FluidAudio in Frameworks */,
				5CF200000000000000000B02 /* Hub in Frameworks */,
				5CF200000000000000000B03 /* Tokenizers in Frameworks */,
				5CB100000000000000000B02 /* MLXLLM in Frameworks */,
				5CB100000000000000000B03 /* MLXLMCommon in Frameworks */,
				5CB100000000000000000B04 /* MLXEmbedders in Frameworks */,
			);
			runOnlyForDeploymentPostprocessing = 0;
		};
		5CE570062FF5000000000006 /* Frameworks */ = {
			isa = PBXFrameworksBuildPhase;
			buildActionMask = 2147483647;
			files = (
			);
			runOnlyForDeploymentPostprocessing = 0;
		};
/* End PBXFrameworksBuildPhase section */

/* Begin PBXGroup section */
		5CDE08D42FEA41D600DFAFA7 = {
			isa = PBXGroup;
			children = (
				5CDE08DF2FEA41D600DFAFA7 /* Echo */,
				5CE570032FF5000000000003 /* EchoTests */,
				5CDE08DE2FEA41D600DFAFA7 /* Products */,
			);
			sourceTree = "<group>";
		};
		5CDE08DE2FEA41D600DFAFA7 /* Products */ = {
			isa = PBXGroup;
			children = (
				5CDE08DD2FEA41D600DFAFA7 /* Echo.app */,
				5CE570022FF5000000000002 /* EchoTests.xctest */,
			);
			name = Products;
			sourceTree = "<group>";
		};
/* End PBXGroup section */

/* Begin PBXNativeTarget section */
		5CDE08DC2FEA41D600DFAFA7 /* Echo */ = {
			isa = PBXNativeTarget;
			buildConfigurationList = 5CDE08E82FEA41D600DFAFA7 /* Build configuration list for PBXNativeTarget "Echo" */;
			buildPhases = (
				5CDE08D92FEA41D600DFAFA7 /* Sources */,
				5CDE08DA2FEA41D600DFAFA7 /* Frameworks */,
				5CDE08DB2FEA41D600DFAFA7 /* Resources */,
			);
			buildRules = (
			);
			dependencies = (
			);
			fileSystemSynchronizedGroups = (
				5CDE08DF2FEA41D600DFAFA7 /* Echo */,
			);
			name = Echo;
			packageProductDependencies = (
				5CF100000000000000000A02 /* FluidAudio */,
				5CF200000000000000000A02 /* Hub */,
				5CF200000000000000000A03 /* Tokenizers */,
				5CB100000000000000000A02 /* MLXLLM */,
				5CB100000000000000000A03 /* MLXLMCommon */,
				5CB100000000000000000A04 /* MLXEmbedders */,
			);
			productName = Echo;
			productReference = 5CDE08DD2FEA41D600DFAFA7 /* Echo.app */;
			productType = "com.apple.product-type.application";
		};
		5CE570012FF5000000000001 /* EchoTests */ = {
			isa = PBXNativeTarget;
			buildConfigurationList = 5CE5700A2FF500000000000A /* Build configuration list for PBXNativeTarget "EchoTests" */;
			buildPhases = (
				5CE570052FF5000000000005 /* Sources */,
				5CE570062FF5000000000006 /* Frameworks */,
				5CE570072FF5000000000007 /* Resources */,
			);
			buildRules = (
			);
			dependencies = (
				5CE570042FF5000000000004 /* PBXTargetDependency */,
			);
			fileSystemSynchronizedGroups = (
				5CE570032FF5000000000003 /* EchoTests */,
			);
			name = EchoTests;
			packageProductDependencies = (
			);
			productName = EchoTests;
			productReference = 5CE570022FF5000000000002 /* EchoTests.xctest */;
			productType = "com.apple.product-type.bundle.unit-test";
		};
/* End PBXNativeTarget section */

/* Begin PBXProject section */
		5CDE08D52FEA41D600DFAFA7 /* Project object */ = {
			isa = PBXProject;
			attributes = {
				BuildIndependentTargetsInParallel = 1;
				LastSwiftUpdateCheck = 2650;
				LastUpgradeCheck = 2650;
				TargetAttributes = {
					5CDE08DC2FEA41D600DFAFA7 = {
						CreatedOnToolsVersion = 26.5;
					};
					5CE570012FF5000000000001 = {
						CreatedOnToolsVersion = 26.5;
						TestTargetID = 5CDE08DC2FEA41D600DFAFA7;
					};
				};
			};
			buildConfigurationList = 5CDE08D82FEA41D600DFAFA7 /* Build configuration list for PBXProject "Echo" */;
			developmentRegion = en;
			hasScannedForEncodings = 0;
			knownRegions = (
				en,
				Base,
			);
			mainGroup = 5CDE08D42FEA41D600DFAFA7;
			minimizedProjectReferenceProxies = 1;
			packageReferences = (
				5CB100000000000000000A01 /* XCRemoteSwiftPackageReference "mlx-swift-lm" */,
				5CF100000000000000000A01 /* XCRemoteSwiftPackageReference "FluidAudio" */,
				5CF200000000000000000A01 /* XCRemoteSwiftPackageReference "swift-transformers" */,
			);
			preferredProjectObjectVersion = 77;
			productRefGroup = 5CDE08DE2FEA41D600DFAFA7 /* Products */;
			projectDirPath = "";
			projectRoot = "";
			targets = (
				5CDE08DC2FEA41D600DFAFA7 /* Echo */,
				5CE570012FF5000000000001 /* EchoTests */,
			);
		};
/* End PBXProject section */

/* Begin PBXResourcesBuildPhase section */
		5CDE08DB2FEA41D600DFAFA7 /* Resources */ = {
			isa = PBXResourcesBuildPhase;
			buildActionMask = 2147483647;
			files = (
			);
			runOnlyForDeploymentPostprocessing = 0;
		};
		5CE570072FF5000000000007 /* Resources */ = {
			isa = PBXResourcesBuildPhase;
			buildActionMask = 2147483647;
			files = (
			);
			runOnlyForDeploymentPostprocessing = 0;
		};
/* End PBXResourcesBuildPhase section */

/* Begin PBXSourcesBuildPhase section */
		5CDE08D92FEA41D600DFAFA7 /* Sources */ = {
			isa = PBXSourcesBuildPhase;
			buildActionMask = 2147483647;
			files = (
			);
			runOnlyForDeploymentPostprocessing = 0;
		};
		5CE570052FF5000000000005 /* Sources */ = {
			isa = PBXSourcesBuildPhase;
			buildActionMask = 2147483647;
			files = (
			);
			runOnlyForDeploymentPostprocessing = 0;
		};
/* End PBXSourcesBuildPhase section */

/* Begin PBXTargetDependency section */
		5CE570042FF5000000000004 /* PBXTargetDependency */ = {
			isa = PBXTargetDependency;
			target = 5CDE08DC2FEA41D600DFAFA7 /* Echo */;
			targetProxy = 5C1957642FF7494300B1AB7D /* PBXContainerItemProxy */;
		};
/* End PBXTargetDependency section */

/* Begin XCBuildConfiguration section */
		5CDE08E62FEA41D600DFAFA7 /* Debug */ = {
			isa = XCBuildConfiguration;
			buildSettings = {
				ALWAYS_SEARCH_USER_PATHS = NO;
				ASSETCATALOG_COMPILER_GENERATE_SWIFT_ASSET_SYMBOL_EXTENSIONS = YES;
				CLANG_ANALYZER_NONNULL = YES;
				CLANG_ANALYZER_NUMBER_OBJECT_CONVERSION = YES_AGGRESSIVE;
				CLANG_CXX_LANGUAGE_STANDARD = "gnu++20";
				CLANG_ENABLE_MODULES = YES;
				CLANG_ENABLE_OBJC_ARC = YES;
				CLANG_ENABLE_OBJC_WEAK = YES;
				CLANG_WARN_BLOCK_CAPTURE_AUTORELEASING = YES;
				CLANG_WARN_BOOL_CONVERSION = YES;
				CLANG_WARN_COMMA = YES;
				CLANG_WARN_CONSTANT_CONVERSION = YES;
				CLANG_WARN_DEPRECATED_OBJC_IMPLEMENTATIONS = YES;
				CLANG_WARN_DIRECT_OBJC_ISA_USAGE = YES_ERROR;
				CLANG_WARN_DOCUMENTATION_COMMENTS = YES;
				CLANG_WARN_EMPTY_BODY = YES;
				CLANG_WARN_ENUM_CONVERSION = YES;
				CLANG_WARN_INFINITE_RECURSION = YES;
				CLANG_WARN_INT_CONVERSION = YES;
				CLANG_WARN_NON_LITERAL_NULL_CONVERSION = YES;
				CLANG_WARN_OBJC_IMPLICIT_RETAIN_SELF = YES;
				CLANG_WARN_OBJC_LITERAL_CONVERSION = YES;
				CLANG_WARN_OBJC_ROOT_CLASS = YES_ERROR;
				CLANG_WARN_QUOTED_INCLUDE_IN_FRAMEWORK_HEADER = YES;
				CLANG_WARN_RANGE_LOOP_ANALYSIS = YES;
				CLANG_WARN_STRICT_PROTOTYPES = YES;
				CLANG_WARN_SUSPICIOUS_MOVE = YES;
				CLANG_WARN_UNGUARDED_AVAILABILITY = YES_AGGRESSIVE;
				CLANG_WARN_UNREACHABLE_CODE = YES;
				CLANG_WARN__DUPLICATE_METHOD_MATCH = YES;
				COPY_PHASE_STRIP = NO;
				DEBUG_INFORMATION_FORMAT = dwarf;
				ENABLE_STRICT_OBJC_MSGSEND = YES;
				ENABLE_TESTABILITY = YES;
				ENABLE_USER_SCRIPT_SANDBOXING = YES;
				GCC_C_LANGUAGE_STANDARD = gnu17;
				GCC_DYNAMIC_NO_PIC = NO;
				GCC_NO_COMMON_BLOCKS = YES;
				GCC_OPTIMIZATION_LEVEL = 0;
				GCC_PREPROCESSOR_DEFINITIONS = (
					"DEBUG=1",
					"$(inherited)",
				);
				GCC_WARN_64_TO_32_BIT_CONVERSION = YES;
				GCC_WARN_ABOUT_RETURN_TYPE = YES_ERROR;
				GCC_WARN_UNDECLARED_SELECTOR = YES;
				GCC_WARN_UNINITIALIZED_AUTOS = YES_AGGRESSIVE;
				GCC_WARN_UNUSED_FUNCTION = YES;
				GCC_WARN_UNUSED_VARIABLE = YES;
				LOCALIZATION_PREFERS_STRING_CATALOGS = YES;
				MACOSX_DEPLOYMENT_TARGET = 26.5;
				MTL_ENABLE_DEBUG_INFO = INCLUDE_SOURCE;
				MTL_FAST_MATH = YES;
				ONLY_ACTIVE_ARCH = YES;
				SDKROOT = macosx;
				SWIFT_ACTIVE_COMPILATION_CONDITIONS = "DEBUG $(inherited)";
				SWIFT_OPTIMIZATION_LEVEL = "-Onone";
			};
			name = Debug;
		};
		5CDE08E72FEA41D600DFAFA7 /* Release */ = {
			isa = XCBuildConfiguration;
			buildSettings = {
				ALWAYS_SEARCH_USER_PATHS = NO;
				ASSETCATALOG_COMPILER_GENERATE_SWIFT_ASSET_SYMBOL_EXTENSIONS = YES;
				CLANG_ANALYZER_NONNULL = YES;
				CLANG_ANALYZER_NUMBER_OBJECT_CONVERSION = YES_AGGRESSIVE;
				CLANG_CXX_LANGUAGE_STANDARD = "gnu++20";
				CLANG_ENABLE_MODULES = YES;
				CLANG_ENABLE_OBJC_ARC = YES;
				CLANG_ENABLE_OBJC_WEAK = YES;
				CLANG_WARN_BLOCK_CAPTURE_AUTORELEASING = YES;
				CLANG_WARN_BOOL_CONVERSION = YES;
				CLANG_WARN_COMMA = YES;
				CLANG_WARN_CONSTANT_CONVERSION = YES;
				CLANG_WARN_DEPRECATED_OBJC_IMPLEMENTATIONS = YES;
				CLANG_WARN_DIRECT_OBJC_ISA_USAGE = YES_ERROR;
				CLANG_WARN_DOCUMENTATION_COMMENTS = YES;
				CLANG_WARN_EMPTY_BODY = YES;
				CLANG_WARN_ENUM_CONVERSION = YES;
				CLANG_WARN_INFINITE_RECURSION = YES;
				CLANG_WARN_INT_CONVERSION = YES;
				CLANG_WARN_NON_LITERAL_NULL_CONVERSION = YES;
				CLANG_WARN_OBJC_IMPLICIT_RETAIN_SELF = YES;
				CLANG_WARN_OBJC_LITERAL_CONVERSION = YES;
				CLANG_WARN_OBJC_ROOT_CLASS = YES_ERROR;
				CLANG_WARN_QUOTED_INCLUDE_IN_FRAMEWORK_HEADER = YES;
				CLANG_WARN_RANGE_LOOP_ANALYSIS = YES;
				CLANG_WARN_STRICT_PROTOTYPES = YES;
				CLANG_WARN_SUSPICIOUS_MOVE = YES;
				CLANG_WARN_UNGUARDED_AVAILABILITY = YES_AGGRESSIVE;
				CLANG_WARN_UNREACHABLE_CODE = YES;
				CLANG_WARN__DUPLICATE_METHOD_MATCH = YES;
				COPY_PHASE_STRIP = NO;
				DEBUG_INFORMATION_FORMAT = "dwarf-with-dsym";
				ENABLE_NS_ASSERTIONS = NO;
				ENABLE_STRICT_OBJC_MSGSEND = YES;
				ENABLE_USER_SCRIPT_SANDBOXING = YES;
				GCC_C_LANGUAGE_STANDARD = gnu17;
				GCC_NO_COMMON_BLOCKS = YES;
				GCC_WARN_64_TO_32_BIT_CONVERSION = YES;
				GCC_WARN_ABOUT_RETURN_TYPE = YES_ERROR;
				GCC_WARN_UNDECLARED_SELECTOR = YES;
				GCC_WARN_UNINITIALIZED_AUTOS = YES_AGGRESSIVE;
				GCC_WARN_UNUSED_FUNCTION = YES;
				GCC_WARN_UNUSED_VARIABLE = YES;
				LOCALIZATION_PREFERS_STRING_CATALOGS = YES;
				MACOSX_DEPLOYMENT_TARGET = 26.5;
				MTL_ENABLE_DEBUG_INFO = NO;
				MTL_FAST_MATH = YES;
				SDKROOT = macosx;
				SWIFT_COMPILATION_MODE = wholemodule;
			};
			name = Release;
		};
		5CDE08E92FEA41D600DFAFA7 /* Debug */ = {
			isa = XCBuildConfiguration;
			buildSettings = {
				ASSETCATALOG_COMPILER_APPICON_NAME = AppIcon;
				ASSETCATALOG_COMPILER_GLOBAL_ACCENT_COLOR_NAME = AccentColor;
				CODE_SIGN_ENTITLEMENTS = Echo/Echo.entitlements;
				CODE_SIGN_STYLE = Automatic;
				COMBINE_HIDPI_IMAGES = YES;
				CURRENT_PROJECT_VERSION = 1;
				ENABLE_APP_SANDBOX = NO;
				ENABLE_PREVIEWS = YES;
				ENABLE_USER_SELECTED_FILES = readonly;
				GENERATE_INFOPLIST_FILE = YES;
				HEADER_SEARCH_PATHS = (
					"$(SRCROOT)/Vendor/webrtc-apm/include",
					"$(SRCROOT)/Vendor/webrtc-apm/include/webrtc-audio-processing-2",
				);
				INFOPLIST_FILE = Info.plist;
				INFOPLIST_KEY_LSUIElement = YES;
				INFOPLIST_KEY_NSHumanReadableCopyright = "";
				INFOPLIST_KEY_NSMicrophoneUsageDescription = "Echo uses the microphone to transcribe your voice during the meeting.";
				LD_RUNPATH_SEARCH_PATHS = (
					"$(inherited)",
					"@executable_path/../Frameworks",
				);
				LIBRARY_SEARCH_PATHS = "$(SRCROOT)/Vendor/webrtc-apm/lib";
				MACOSX_DEPLOYMENT_TARGET = 15.6;
				MARKETING_VERSION = 1.0;
				OTHER_LDFLAGS = (
					"-lwebrtc-audio-processing-2",
					"-lc++",
				);
				PRODUCT_BUNDLE_IDENTIFIER = com.sancrisoft.Echo;
				PRODUCT_NAME = "$(TARGET_NAME)";
				REGISTER_APP_GROUPS = YES;
				STRING_CATALOG_GENERATE_SYMBOLS = YES;
				SWIFT_APPROACHABLE_CONCURRENCY = YES;
				SWIFT_DEFAULT_ACTOR_ISOLATION = MainActor;
				SWIFT_EMIT_LOC_STRINGS = YES;
				SWIFT_OBJC_BRIDGING_HEADER = "Echo/Echo-Bridging-Header.h";
				SWIFT_UPCOMING_FEATURE_MEMBER_IMPORT_VISIBILITY = YES;
				SWIFT_VERSION = 5.0;
			};
			name = Debug;
		};
		5CDE08EA2FEA41D600DFAFA7 /* Release */ = {
			isa = XCBuildConfiguration;
			buildSettings = {
				ASSETCATALOG_COMPILER_APPICON_NAME = AppIcon;
				ASSETCATALOG_COMPILER_GLOBAL_ACCENT_COLOR_NAME = AccentColor;
				CODE_SIGN_ENTITLEMENTS = Echo/Echo.entitlements;
				CODE_SIGN_STYLE = Automatic;
				COMBINE_HIDPI_IMAGES = YES;
				CURRENT_PROJECT_VERSION = 1;
				ENABLE_APP_SANDBOX = NO;
				ENABLE_PREVIEWS = YES;
				ENABLE_USER_SELECTED_FILES = readonly;
				GENERATE_INFOPLIST_FILE = YES;
				HEADER_SEARCH_PATHS = (
					"$(SRCROOT)/Vendor/webrtc-apm/include",
					"$(SRCROOT)/Vendor/webrtc-apm/include/webrtc-audio-processing-2",
				);
				INFOPLIST_FILE = Info.plist;
				INFOPLIST_KEY_LSUIElement = YES;
				INFOPLIST_KEY_NSHumanReadableCopyright = "";
				INFOPLIST_KEY_NSMicrophoneUsageDescription = "Echo uses the microphone to transcribe your voice during the meeting.";
				LD_RUNPATH_SEARCH_PATHS = (
					"$(inherited)",
					"@executable_path/../Frameworks",
				);
				LIBRARY_SEARCH_PATHS = "$(SRCROOT)/Vendor/webrtc-apm/lib";
				MACOSX_DEPLOYMENT_TARGET = 15.6;
				MARKETING_VERSION = 1.0;
				OTHER_LDFLAGS = (
					"-lwebrtc-audio-processing-2",
					"-lc++",
				);
				PRODUCT_BUNDLE_IDENTIFIER = com.sancrisoft.Echo;
				PRODUCT_NAME = "$(TARGET_NAME)";
				REGISTER_APP_GROUPS = YES;
				STRING_CATALOG_GENERATE_SYMBOLS = YES;
				SWIFT_APPROACHABLE_CONCURRENCY = YES;
				SWIFT_DEFAULT_ACTOR_ISOLATION = MainActor;
				SWIFT_EMIT_LOC_STRINGS = YES;
				SWIFT_OBJC_BRIDGING_HEADER = "Echo/Echo-Bridging-Header.h";
				SWIFT_UPCOMING_FEATURE_MEMBER_IMPORT_VISIBILITY = YES;
				SWIFT_VERSION = 5.0;
			};
			name = Release;
		};
		5CE570082FF5000000000008 /* Debug */ = {
			isa = XCBuildConfiguration;
			buildSettings = {
				BUNDLE_LOADER = "$(TEST_HOST)";
				CODE_SIGN_STYLE = Automatic;
				CURRENT_PROJECT_VERSION = 1;
				GENERATE_INFOPLIST_FILE = YES;
				MACOSX_DEPLOYMENT_TARGET = 15.6;
				MARKETING_VERSION = 1.0;
				PRODUCT_BUNDLE_IDENTIFIER = com.sancrisoft.EchoTests;
				PRODUCT_NAME = "$(TARGET_NAME)";
				SWIFT_APPROACHABLE_CONCURRENCY = YES;
				SWIFT_DEFAULT_ACTOR_ISOLATION = MainActor;
				SWIFT_EMIT_LOC_STRINGS = NO;
				SWIFT_UPCOMING_FEATURE_MEMBER_IMPORT_VISIBILITY = YES;
				SWIFT_VERSION = 5.0;
				TEST_HOST = "$(BUILT_PRODUCTS_DIR)/Echo.app/Contents/MacOS/Echo";
			};
			name = Debug;
		};
		5CE570092FF5000000000009 /* Release */ = {
			isa = XCBuildConfiguration;
			buildSettings = {
				BUNDLE_LOADER = "$(TEST_HOST)";
				CODE_SIGN_STYLE = Automatic;
				CURRENT_PROJECT_VERSION = 1;
				GENERATE_INFOPLIST_FILE = YES;
				MACOSX_DEPLOYMENT_TARGET = 15.6;
				MARKETING_VERSION = 1.0;
				PRODUCT_BUNDLE_IDENTIFIER = com.sancrisoft.EchoTests;
				PRODUCT_NAME = "$(TARGET_NAME)";
				SWIFT_APPROACHABLE_CONCURRENCY = YES;
				SWIFT_DEFAULT_ACTOR_ISOLATION = MainActor;
				SWIFT_EMIT_LOC_STRINGS = NO;
				SWIFT_UPCOMING_FEATURE_MEMBER_IMPORT_VISIBILITY = YES;
				SWIFT_VERSION = 5.0;
				TEST_HOST = "$(BUILT_PRODUCTS_DIR)/Echo.app/Contents/MacOS/Echo";
			};
			name = Release;
		};
/* End XCBuildConfiguration section */

/* Begin XCConfigurationList section */
		5CDE08D82FEA41D600DFAFA7 /* Build configuration list for PBXProject "Echo" */ = {
			isa = XCConfigurationList;
			buildConfigurations = (
				5CDE08E62FEA41D600DFAFA7 /* Debug */,
				5CDE08E72FEA41D600DFAFA7 /* Release */,
			);
			defaultConfigurationIsVisible = 0;
			defaultConfigurationName = Release;
		};
		5CDE08E82FEA41D600DFAFA7 /* Build configuration list for PBXNativeTarget "Echo" */ = {
			isa = XCConfigurationList;
			buildConfigurations = (
				5CDE08E92FEA41D600DFAFA7 /* Debug */,
				5CDE08EA2FEA41D600DFAFA7 /* Release */,
			);
			defaultConfigurationIsVisible = 0;
			defaultConfigurationName = Release;
		};
		5CE5700A2FF500000000000A /* Build configuration list for PBXNativeTarget "EchoTests" */ = {
			isa = XCConfigurationList;
			buildConfigurations = (
				5CE570082FF5000000000008 /* Debug */,
				5CE570092FF5000000000009 /* Release */,
			);
			defaultConfigurationIsVisible = 0;
			defaultConfigurationName = Release;
		};
/* End XCConfigurationList section */

/* Begin XCRemoteSwiftPackageReference section */
		5CB100000000000000000A01 /* XCRemoteSwiftPackageReference "mlx-swift-lm" */ = {
			isa = XCRemoteSwiftPackageReference;
			repositoryURL = "https://github.com/ml-explore/mlx-swift-lm";
			requirement = {
				kind = exactVersion;
				version = 3.31.4;
			};
		};
		5CF100000000000000000A01 /* XCRemoteSwiftPackageReference "FluidAudio" */ = {
			isa = XCRemoteSwiftPackageReference;
			repositoryURL = "https://github.com/FluidInference/FluidAudio";
			requirement = {
				kind = exactVersion;
				version = 0.15.5;
			};
		};
		5CF200000000000000000A01 /* XCRemoteSwiftPackageReference "swift-transformers" */ = {
			isa = XCRemoteSwiftPackageReference;
			repositoryURL = "https://github.com/huggingface/swift-transformers";
			requirement = {
				kind = exactVersion;
				version = 1.3.3;
			};
		};
/* End XCRemoteSwiftPackageReference section */

/* Begin XCSwiftPackageProductDependency section */
		5CB100000000000000000A02 /* MLXLLM */ = {
			isa = XCSwiftPackageProductDependency;
			package = 5CB100000000000000000A01 /* XCRemoteSwiftPackageReference "mlx-swift-lm" */;
			productName = MLXLLM;
		};
		5CB100000000000000000A03 /* MLXLMCommon */ = {
			isa = XCSwiftPackageProductDependency;
			package = 5CB100000000000000000A01 /* XCRemoteSwiftPackageReference "mlx-swift-lm" */;
			productName = MLXLMCommon;
		};
		5CB100000000000000000A04 /* MLXEmbedders */ = {
			isa = XCSwiftPackageProductDependency;
			package = 5CB100000000000000000A01 /* XCRemoteSwiftPackageReference "mlx-swift-lm" */;
			productName = MLXEmbedders;
		};
		5CF100000000000000000A02 /* FluidAudio */ = {
			isa = XCSwiftPackageProductDependency;
			package = 5CF100000000000000000A01 /* XCRemoteSwiftPackageReference "FluidAudio" */;
			productName = FluidAudio;
		};
		5CF200000000000000000A02 /* Hub */ = {
			isa = XCSwiftPackageProductDependency;
			package = 5CF200000000000000000A01 /* XCRemoteSwiftPackageReference "swift-transformers" */;
			productName = Hub;
		};
		5CF200000000000000000A03 /* Tokenizers */ = {
			isa = XCSwiftPackageProductDependency;
			package = 5CF200000000000000000A01 /* XCRemoteSwiftPackageReference "swift-transformers" */;
			productName = Tokenizers;
		};
/* End XCSwiftPackageProductDependency section */
	};
	rootObject = 5CDE08D52FEA41D600DFAFA7 /* Project object */;
}
